
Microsoft Visual Studio Solution File, Format Version 12.00
# Visual Studio Version 17
VisualStudioVersion = 17.3.32929.385
MinimumVisualStudioVersion = 10.0.40219.1
Project("{2150E333-8FDC-42A3-9474-1A3956D46DE8}") = "src", "src", "{39F876ED-6A0D-4489-A86E-73C153712D0A}"
EndProject
Project("{9A19103F-16F7-4668-BE54-9A1E7A4F7556}") = "Abadia.Orders.Domain", "src\Abadia.Orders.Domain\Abadia.Orders.Domain.csproj", "{33C949BC-FDC6-4B80-A78E-2D6FD5B3C751}"
EndProject
Project("{FAE04EC0-301F-11D3-BF4B-00C04F79EFBC}") = "Abadia.Orders.API", "src\Abadia.Orders.API\Abadia.Orders.API.csproj", "{4966A3CD-817D-4B0A-8F9D-AF3D5E06FFC7}"
EndProject
Global
	GlobalSection(SolutionConfigurationPlatforms) = preSolution
		Debug|Any CPU = Debug|Any CPU
		Release|Any CPU = Release|Any CPU
	EndGlobalSection
	GlobalSection(ProjectConfigurationPlatforms) = postSolution
		{33C949BC-FDC6-4B80-A78E-2D6FD5B3C751}.Debug|Any CPU.ActiveCfg = Debug|Any CPU
		{33C949BC-FDC6-4B80-A78E-2D6FD5B3C751}.Debug|Any CPU.Build.0 = Debug|Any CPU
		{33C949BC-FDC6-4B80-A78E-2D6FD5B3C751}.Release|Any CPU.ActiveCfg = Release|Any CPU
		{33C949BC-FDC6-4B80-A78E-2D6FD5B3C751}.Release|Any CPU.Build.0 = Release|Any CPU
		{4966A3CD-817D-4B0A-8F9D-AF3D5E06FFC7}.Debug|Any CPU.ActiveCfg = Debug|Any CPU
		{4966A3CD-817D-4B0A-8F9D-AF3D5E06FFC7}.Debug|Any CPU.Build.0 = Debug|Any CPU
		{4966A3CD-817D-4B0A-8F9D-AF3D5E06FFC7}.Release|Any CPU.ActiveCfg = Release|Any CPU
		{4966A3CD-817D-4B0A-8F9D-AF3D5E06FFC7}.Release|Any CPU.Build.0 = Release|Any CPU
	EndGlobalSection
	GlobalSection(SolutionProperties) = preSolution
		HideSolutionNode = FALSE
	EndGlobalSection
	GlobalSection(NestedProjects) = preSolution
		{33C949BC-FDC6-4B80-A78E-2D6FD5B3C751} = {39F876ED-6A0D-4489-A86E-73C153712D0A}
		{4966A3CD-817D-4B0A-8F9D-AF3D5E06FFC7} = {39F876ED-6A0D-4489-A86E-73C153712D0A}
	EndGlobalSection
	GlobalSection(ExtensibilityGlobals) = postSolution
		SolutionGuid = {BFBF9B82-4576-439F-84EC-ADD9E938767C}
	EndGlobalSection
EndGlobal
